
Microsoft Visual Studio Solution File, Format Version 12.00
# Visual Studio 15
Project("{FAE04EC0-301F-11D3-BF4B-00C04F79EFBC}") = "Assembly-CSharp", "Assembly-CSharp.csproj", "{F4D9B8D3-4342-365F-9AFB-8FA1C6EBC5C6}"
EndProject
Project("{FAE04EC0-301F-11D3-BF4B-00C04F79EFBC}") = "Assembly-CSharp-Editor", "Assembly-CSharp-Editor.csproj", "{EC6A49B3-B5A9-9775-F3C6-F9A0CA479C76}"
EndProject
Global
	GlobalSection(SolutionConfigurationPlatforms) = preSolution
		Debug|Any CPU = Debug|Any CPU
		Release|Any CPU = Release|Any CPU
	EndGlobalSection
	GlobalSection(ProjectConfigurationPlatforms) = postSolution
		{F4D9B8D3-4342-365F-9AFB-8FA1C6EBC5C6}.Debug|Any CPU.ActiveCfg = Debug|Any CPU
		{F4D9B8D3-4342-365F-9AFB-8FA1C6EBC5C6}.Debug|Any CPU.Build.0 = Debug|Any CPU
		{F4D9B8D3-4342-365F-9AFB-8FA1C6EBC5C6}.Release|Any CPU.ActiveCfg = Release|Any CPU
		{F4D9B8D3-4342-365F-9AFB-8FA1C6EBC5C6}.Release|Any CPU.Build.0 = Release|Any CPU
		{EC6A49B3-B5A9-9775-F3C6-F9A0CA479C76}.Debug|Any CPU.ActiveCfg = Debug|Any CPU
		{EC6A49B3-B5A9-9775-F3C6-F9A0CA479C76}.Debug|Any CPU.Build.0 = Debug|Any CPU
		{EC6A49B3-B5A9-9775-F3C6-F9A0CA479C76}.Release|Any CPU.ActiveCfg = Release|Any CPU
		{EC6A49B3-B5A9-9775-F3C6-F9A0CA479C76}.Release|Any CPU.Build.0 = Release|Any CPU
	EndGlobalSection
	GlobalSection(SolutionProperties) = preSolution
		HideSolutionNode = FALSE
	EndGlobalSection
EndGlobal
